
Microsoft Visual Studio Solution File, Format Version 12.00
# Visual Studio Version 17
VisualStudioVersion = 17.0.31612.314
MinimumVisualStudioVersion = 10.0.40219.1
Project("{2150E333-8FDC-42A3-9474-1A3956D46DE8}") = "src", "src", "{6A606EB3-5450-403A-A6E2-694D2854EF29}"
EndProject
Project("{9A19103F-16F7-4668-BE54-9A1E7A4F7556}") = "AppleFitnessWorkoutMapper", "src\AppleFitnessWorkoutMapper\AppleFitnessWorkoutMapper.csproj", "{43E4F047-61B2-4C4E-8636-AD1CDEFE1080}"
EndProject
Project("{2150E333-8FDC-42A3-9474-1A3956D46DE8}") = "Solution Items", "Solution Items", "{3DF81AF5-7F93-43F5-A5A5-40DB88349085}"
	ProjectSection(SolutionItems) = preProject
		.editorconfig = .editorconfig
		.gitattributes = .gitattributes
		.gitignore = .gitignore
		.vsconfig = .vsconfig
		AppleFitnessWorkoutMapper.ruleset = AppleFitnessWorkoutMapper.ruleset
		build.ps1 = build.ps1
		Directory.Build.props = Directory.Build.props
		Directory.Build.targets = Directory.Build.targets
		Directory.Packages.props = Directory.Packages.props
		global.json = global.json
		LICENSE = LICENSE
		NuGet.config = NuGet.config
		README.md = README.md
		stylecop.json = stylecop.json
	EndProjectSection
EndProject
Project("{2150E333-8FDC-42A3-9474-1A3956D46DE8}") = "tests", "tests", "{A971E5AF-6E03-4987-82A7-C0CC89D3CAE2}"
EndProject
Project("{9A19103F-16F7-4668-BE54-9A1E7A4F7556}") = "AppleFitnessWorkoutMapper.Tests", "tests\AppleFitnessWorkoutMapper.Tests\AppleFitnessWorkoutMapper.Tests.csproj", "{7F122431-1921-402B-84D6-F1DCDE9D159B}"
EndProject
Project("{2150E333-8FDC-42A3-9474-1A3956D46DE8}") = ".github", ".github", "{BA896693-21BA-47AD-A03D-1CFB83CDCA4A}"
	ProjectSection(SolutionItems) = preProject
		.github\actionlint-matcher.json = .github\actionlint-matcher.json
		.github\CODEOWNERS = .github\CODEOWNERS
		.github\CONTRIBUTING.md = .github\CONTRIBUTING.md
		.github\dependabot.yml = .github\dependabot.yml
		.github\FUNDING.yml = .github\FUNDING.yml
		.github\ISSUE_TEMPLATE.md = .github\ISSUE_TEMPLATE.md
		.github\PULL_REQUEST_TEMPLATE.md = .github\PULL_REQUEST_TEMPLATE.md
	EndProjectSection
EndProject
Project("{2150E333-8FDC-42A3-9474-1A3956D46DE8}") = "workflows", "workflows", "{5A4E9F2C-E71B-4EE8-9980-5DA8AEFA822D}"
	ProjectSection(SolutionItems) = preProject
		.github\workflows\build.yml = .github\workflows\build.yml
		.github\workflows\bump-version.yml = .github\workflows\bump-version.yml
		.github\workflows\codeql.yml = .github\workflows\codeql.yml
		.github\workflows\dependency-review.yml = .github\workflows\dependency-review.yml
		.github\workflows\lighthouse.yml = .github\workflows\lighthouse.yml
		.github\workflows\lint.yml = .github\workflows\lint.yml
		.github\workflows\ossf-scorecard.yml = .github\workflows\ossf-scorecard.yml
		.github\workflows\release.yml = .github\workflows\release.yml
	EndProjectSection
EndProject
Global
	GlobalSection(SolutionConfigurationPlatforms) = preSolution
		Debug|Any CPU = Debug|Any CPU
		Release|Any CPU = Release|Any CPU
	EndGlobalSection
	GlobalSection(ProjectConfigurationPlatforms) = postSolution
		{43E4F047-61B2-4C4E-8636-AD1CDEFE1080}.Debug|Any CPU.ActiveCfg = Debug|Any CPU
		{43E4F047-61B2-4C4E-8636-AD1CDEFE1080}.Debug|Any CPU.Build.0 = Debug|Any CPU
		{43E4F047-61B2-4C4E-8636-AD1CDEFE1080}.Release|Any CPU.ActiveCfg = Release|Any CPU
		{43E4F047-61B2-4C4E-8636-AD1CDEFE1080}.Release|Any CPU.Build.0 = Release|Any CPU
		{7F122431-1921-402B-84D6-F1DCDE9D159B}.Debug|Any CPU.ActiveCfg = Debug|Any CPU
		{7F122431-1921-402B-84D6-F1DCDE9D159B}.Debug|Any CPU.Build.0 = Debug|Any CPU
		{7F122431-1921-402B-84D6-F1DCDE9D159B}.Release|Any CPU.ActiveCfg = Release|Any CPU
		{7F122431-1921-402B-84D6-F1DCDE9D159B}.Release|Any CPU.Build.0 = Release|Any CPU
	EndGlobalSection
	GlobalSection(SolutionProperties) = preSolution
		HideSolutionNode = FALSE
	EndGlobalSection
	GlobalSection(NestedProjects) = preSolution
		{43E4F047-61B2-4C4E-8636-AD1CDEFE1080} = {6A606EB3-5450-403A-A6E2-694D2854EF29}
		{7F122431-1921-402B-84D6-F1DCDE9D159B} = {A971E5AF-6E03-4987-82A7-C0CC89D3CAE2}
		{BA896693-21BA-47AD-A03D-1CFB83CDCA4A} = {3DF81AF5-7F93-43F5-A5A5-40DB88349085}
		{5A4E9F2C-E71B-4EE8-9980-5DA8AEFA822D} = {BA896693-21BA-47AD-A03D-1CFB83CDCA4A}
	EndGlobalSection
	GlobalSection(ExtensibilityGlobals) = postSolution
		SolutionGuid = {79E707E3-CFBF-45FE-AF6C-24BADAB8E720}
	EndGlobalSection
EndGlobal
